
Microsoft Visual Studio Solution File, Format Version 12.00
# Visual Studio 2012
Project("{FAE04EC0-301F-11D3-BF4B-00C04F79EFBC}") = "TariffComparison", "TariffComparison\TariffComparison.csproj", "{8F390687-90EF-40FE-8462-EF4687B8EE3C}"
EndProject
Project("{FAE04EC0-301F-11D3-BF4B-00C04F79EFBC}") = "TariffComparison.Test", "TariffComparison.Test\TariffComparison.Test.csproj", "{C4DAA998-078C-42F8-A17D-D709CA5C7C05}"
EndProject
Global
	GlobalSection(SolutionConfigurationPlatforms) = preSolution
		Debug|Any CPU = Debug|Any CPU
		Release|Any CPU = Release|Any CPU
	EndGlobalSection
	GlobalSection(ProjectConfigurationPlatforms) = postSolution
		{8F390687-90EF-40FE-8462-EF4687B8EE3C}.Debug|Any CPU.ActiveCfg = Debug|Any CPU
		{8F390687-90EF-40FE-8462-EF4687B8EE3C}.Debug|Any CPU.Build.0 = Debug|Any CPU
		{8F390687-90EF-40FE-8462-EF4687B8EE3C}.Release|Any CPU.ActiveCfg = Release|Any CPU
		{8F390687-90EF-40FE-8462-EF4687B8EE3C}.Release|Any CPU.Build.0 = Release|Any CPU
		{C4DAA998-078C-42F8-A17D-D709CA5C7C05}.Debug|Any CPU.ActiveCfg = Debug|Any CPU
		{C4DAA998-078C-42F8-A17D-D709CA5C7C05}.Debug|Any CPU.Build.0 = Debug|Any CPU
		{C4DAA998-078C-42F8-A17D-D709CA5C7C05}.Release|Any CPU.ActiveCfg = Release|Any CPU
		{C4DAA998-078C-42F8-A17D-D709CA5C7C05}.Release|Any CPU.Build.0 = Release|Any CPU
	EndGlobalSection
	GlobalSection(SolutionProperties) = preSolution
		HideSolutionNode = FALSE
	EndGlobalSection
EndGlobal
